github.com/Unknwon/goconfig v0.0.0-20200908083735-df7de6a44db8 h1:1TrMV1HmBApBbM+Hy7RCKZD6UlYWYIPPfoeXomG7+zE=
github.com/Unknwon/goconfig v0.0.0-20200908083735-df7de6a44db8/go.mod h1:wngxua9XCNjvHjDiTiV26DaKDT+0c63QR6H5hjVUUxw=
github.com/gorilla/websocket v1.4.2 h1:+/TMaTYc4QFitKJxsQ7Yye35DkWvkdLcvGKqM+x0Ufc=
github.com/gorilla/websocket v1.4.2/go.mod h1:YR8l580nyteQvAITg2hZ9XVh4b55+EU/adAjf1fMHhE=
github.com/hprose/hprose-go v0.0.0-20161031134501-83de97da5004 h1:hr/K705SMVUpLDmb67KpTxstic+27xJ69tHL4f9VmiI=
github.com/hprose/hprose-go v0.0.0-20161031134501-83de97da5004/go.mod h1:Gy/LQeA+0cY0XHdkdjbTDhP41s1DTCPApEmeScEiAco=
github.com/larspensjo/config v0.0.0-20160228172812-b6db95dc6321/go.mod h1:2tvhHYSOp38Gz/nhlXdCBepDFHG1/GCI0nuk4Dv9EyM=
github.com/redochen/log4go v0.0.0-20191008124246-b13474a4fa64/go.mod h1:AS5n5Www+cnX47Gf4Expz60jdFaQgxC/6/HcyPOhxmk=
github.com/redochen/log4go v0.0.0-20210218065918-190848f084a7 h1:QdQ15ynwlwcP4uvDH9jkegB8LNoqmtdoEFdia42ZvuI=
github.com/redochen/log4go v0.0.0-20210218065918-190848f084a7/go.mod h1:IZmtkXnQ8QMSvDx96DHqd24KIKTr1ZMpmKARpQLEsSk=
github.com/redochen/tools v0.0.0-20210218055108-8c174fecc8d7 h1:akkS9evJwi6haT20yk2udA4kEoUidXi/yk2iQVLhD7Q=
github.com/redochen/tools v0.0.0-20210218055108-8c174fecc8d7/go.mod h1:esjeE0o0LKJlQ2lmJqIWH/VeCTUTibbLtfWKhMbjrmY=
github.com/redochen/tools v0.0.0-20210218072233-59571c0175c1 h1:CuB0uie5UzGCN4d/R1AP2W+5TqL4MB3b5kXMkEwyUcI=
github.com/redochen/tools v0.0.0-20210218072233-59571c0175c1/go.mod h1:JLfLBdcS1wI6AyzxBQOep7Z8Cby1oBuqulDhjg73tas=
github.com/toolkits/file v0.0.0-20160325033739-a5b3c5147e07 h1:d/VUIMNTk65Xz69htmRPNfjypq2uNRqVsymcXQu6kKk=
github.com/toolkits/file v0.0.0-20160325033739-a5b3c5147e07/go.mod h1:FbXpUxsx5in7z/OrWFDdhYetOy3/VGIJsVHN9G7RUPA=
gopkg.in/eapache/queue.v1 v1.1.0/go.mod h1:wNtmx1/O7kZSR9zNT1TTOJ7GLpm3Vn7srzlfylFbQwU=
